
Microsoft Visual Studio Solution File, Format Version 12.00
# Visual Studio Version 16
VisualStudioVersion = 16.0.30114.105
MinimumVisualStudioVersion = 10.0.40219.1
Project("{FAE04EC0-301F-11D3-BF4B-00C04F79EFBC}") = "Platform", "Platform.csproj", "{E6C686C3-A503-482C-8BA9-65C7DC3AFA88}"
EndProject
Global
	GlobalSection(SolutionConfigurationPlatforms) = preSolution
		Debug|Any CPU = Debug|Any CPU
		Release|Any CPU = Release|Any CPU
	EndGlobalSection
	GlobalSection(SolutionProperties) = preSolution
		HideSolutionNode = FALSE
	EndGlobalSection
	GlobalSection(ProjectConfigurationPlatforms) = postSolution
		{E6C686C3-A503-482C-8BA9-65C7DC3AFA88}.Debug|Any CPU.ActiveCfg = Debug|Any CPU
		{E6C686C3-A503-482C-8BA9-65C7DC3AFA88}.Debug|Any CPU.Build.0 = Debug|Any CPU
		{E6C686C3-A503-482C-8BA9-65C7DC3AFA88}.Release|Any CPU.ActiveCfg = Release|Any CPU
		{E6C686C3-A503-482C-8BA9-65C7DC3AFA88}.Release|Any CPU.Build.0 = Release|Any CPU
	EndGlobalSection
EndGlobal
