
Microsoft Visual Studio Solution File, Format Version 12.00
# Visual Studio Version 17
VisualStudioVersion = 17.2.32526.322
MinimumVisualStudioVersion = 10.0.40219.1
Project("{FAE04EC0-301F-11D3-BF4B-00C04F79EFBC}") = "Formatting", "Formatting\Formatting.csproj", "{EEE430DC-0088-4117-A9EF-7BBF67D0B327}"
EndProject
Global
	GlobalSection(SolutionConfigurationPlatforms) = preSolution
		Debug|Any CPU = Debug|Any CPU
		Release|Any CPU = Release|Any CPU
	EndGlobalSection
	GlobalSection(ProjectConfigurationPlatforms) = postSolution
		{EEE430DC-0088-4117-A9EF-7BBF67D0B327}.Debug|Any CPU.ActiveCfg = Debug|Any CPU
		{EEE430DC-0088-4117-A9EF-7BBF67D0B327}.Debug|Any CPU.Build.0 = Debug|Any CPU
		{EEE430DC-0088-4117-A9EF-7BBF67D0B327}.Release|Any CPU.ActiveCfg = Release|Any CPU
		{EEE430DC-0088-4117-A9EF-7BBF67D0B327}.Release|Any CPU.Build.0 = Release|Any CPU
	EndGlobalSection
	GlobalSection(SolutionProperties) = preSolution
		HideSolutionNode = FALSE
	EndGlobalSection
	GlobalSection(ExtensibilityGlobals) = postSolution
		SolutionGuid = {896DE129-4CC3-43E7-AA19-C4CBC4DEEAAB}
	EndGlobalSection
EndGlobal
